// !$*UTF8*$!
{
	archiveVersion = 1;
	classes = {
	};
	objectVersion = 46;
	objects = {

/* Begin PBXBuildFile section */
		3DF169BF9C06D3E0DD30D4E9 /* Pods_Dragon_Cave_Name_Checker.framework in Frameworks */ = {isa = PBXBuildFile; fileRef = 0AB2B5701CAC0DEC50BBAB8B /* Pods_Dragon_Cave_Name_Checker.framework */; };
		F52ECB001F23CD6A00243F54 /* english_names.txt in Resources */ = {isa = PBXBuildFile; fileRef = F52ECAFF1F23CD6A00243F54 /* english_names.txt */; };
		F5BC8B1D1F23B10D00E3D73B /* AppDelegate.swift in Sources */ = {isa = PBXBuildFile; fileRef = F5BC8B1C1F23B10D00E3D73B /* AppDelegate.swift */; };
		F5BC8B1F1F23B10D00E3D73B /* ViewController.swift in Sources */ = {isa = PBXBuildFile; fileRef = F5BC8B1E1F23B10D00E3D73B /* ViewController.swift */; };
		F5BC8B221F23B10D00E3D73B /* Main.storyboard in Resources */ = {isa = PBXBuildFile; fileRef = F5BC8B201F23B10D00E3D73B /* Main.storyboard */; };
		F5BC8B241F23B10D00E3D73B /* Assets.xcassets in Resources */ = {isa = PBXBuildFile; fileRef = F5BC8B231F23B10D00E3D73B /* Assets.xcassets */; };
		F5BC8B271F23B10D00E3D73B /* LaunchScreen.storyboard in Resources */ = {isa = PBXBuildFile; fileRef = F5BC8B251F23B10D00E3D73B /* LaunchScreen.storyboard */; };
		F5BC8B2F1F23BAC400E3D73B /* Word.swift in Sources */ = {isa = PBXBuildFile; fileRef = F5BC8B2E1F23BAC400E3D73B /* Word.swift */; };
		F5BF4F6B1F28E9A400FD65E7 /* ScrollWordsViewController.swift in Sources */ = {isa = PBXBuildFile; fileRef = F5BF4F6A1F28E9A400FD65E7 /* ScrollWordsViewController.swift */; };
		F5D67DF01F23F9F5008A1724 /* String+Words.swift in Sources */ = {isa = PBXBuildFile; fileRef = F5D67DEF1F23F9F5008A1724 /* String+Words.swift */; };
		F5D67DF61F240A73008A1724 /* lulu_witch_word_coded.html in Resources */ = {isa = PBXBuildFile; fileRef = F5D67DF51F240A73008A1724 /* lulu_witch_word_coded.html */; };
		F5DA59C71F23BDFE00D20850 /* scrabble.txt in Resources */ = {isa = PBXBuildFile; fileRef = F5DA59C61F23BDFE00D20850 /* scrabble.txt */; };
		F5FE93541F24D94000BBA860 /* Config.swift in Sources */ = {isa = PBXBuildFile; fileRef = F5FE93531F24D94000BBA860 /* Config.swift */; };
		F5FE93561F24EB8D00BBA860 /* CodeCell.swift in Sources */ = {isa = PBXBuildFile; fileRef = F5FE93551F24EB8C00BBA860 /* CodeCell.swift */; };
		F5FE93581F24EC1A00BBA860 /* ScrollDragonsViewController.swift in Sources */ = {isa = PBXBuildFile; fileRef = F5FE93571F24EC1A00BBA860 /* ScrollDragonsViewController.swift */; };
		F5FE935A1F24EC5E00BBA860 /* ScrollParser.swift in Sources */ = {isa = PBXBuildFile; fileRef = F5FE93591F24EC5E00BBA860 /* ScrollParser.swift */; };
		F5FE93621F27E46300BBA860 /* DragonWebPageViewController.swift in Sources */ = {isa = PBXBuildFile; fileRef = F5FE93611F27E46300BBA860 /* DragonWebPageViewController.swift */; };
		F5FE93641F28077F00BBA860 /* WordsViewController.swift in Sources */ = {isa = PBXBuildFile; fileRef = F5FE93631F28077F00BBA860 /* WordsViewController.swift */; };
		F5FE93741F288AB300BBA860 /* lulu_witch_1.html in Resources */ = {isa = PBXBuildFile; fileRef = F5FE93671F288AB300BBA860 /* lulu_witch_1.html */; };
		F5FE93751F288AB300BBA860 /* lulu_witch_2.html in Resources */ = {isa = PBXBuildFile; fileRef = F5FE93681F288AB300BBA860 /* lulu_witch_2.html */; };
		F5FE93761F288AB300BBA860 /* lulu_witch_3.html in Resources */ = {isa = PBXBuildFile; fileRef = F5FE93691F288AB300BBA860 /* lulu_witch_3.html */; };
		F5FE93771F288AB300BBA860 /* lulu_witch_4.html in Resources */ = {isa = PBXBuildFile; fileRef = F5FE936A1F288AB300BBA860 /* lulu_witch_4.html */; };
		F5FE93781F288AB300BBA860 /* lulu_witch_5.html in Resources */ = {isa = PBXBuildFile; fileRef = F5FE936B1F288AB300BBA860 /* lulu_witch_5.html */; };
		F5FE93791F288AB300BBA860 /* lulu_witch_6.html in Resources */ = {isa = PBXBuildFile; fileRef = F5FE936C1F288AB300BBA860 /* lulu_witch_6.html */; };
		F5FE937A1F288AB300BBA860 /* lulu_witch_7.html in Resources */ = {isa = PBXBuildFile; fileRef = F5FE936D1F288AB300BBA860 /* lulu_witch_7.html */; };
		F5FE937B1F288AB300BBA860 /* lulu_witch_8.html in Resources */ = {isa = PBXBuildFile; fileRef = F5FE936E1F288AB300BBA860 /* lulu_witch_8.html */; };
		F5FE937C1F288AB300BBA860 /* lulu_witch_9.html in Resources */ = {isa = PBXBuildFile; fileRef = F5FE936F1F288AB300BBA860 /* lulu_witch_9.html */; };
		F5FE937D1F288AB300BBA860 /* lulu_witch_10.html in Resources */ = {isa = PBXBuildFile; fileRef = F5FE93701F288AB300BBA860 /* lulu_witch_10.html */; };
		F5FE937E1F288AB300BBA860 /* lulu_witch_11.html in Resources */ = {isa = PBXBuildFile; fileRef = F5FE93711F288AB300BBA860 /* lulu_witch_11.html */; };
		F5FE937F1F288AB300BBA860 /* lulu_witch_12.html in Resources */ = {isa = PBXBuildFile; fileRef = F5FE93721F288AB300BBA860 /* lulu_witch_12.html */; };
		F5FE93801F288AB300BBA860 /* lulu_witch_13.html in Resources */ = {isa = PBXBuildFile; fileRef = F5FE93731F288AB300BBA860 /* lulu_witch_13.html */; };
		F5FE93821F288C9300BBA860 /* DragonCodeProcessor.swift in Sources */ = {isa = PBXBuildFile; fileRef = F5FE93811F288C9300BBA860 /* DragonCodeProcessor.swift */; };
		F5FE93841F289ACE00BBA860 /* Array+Helpers.swift in Sources */ = {isa = PBXBuildFile; fileRef = F5FE93831F289ACE00BBA860 /* Array+Helpers.swift */; };
		F5FE93871F289B1900BBA860 /* WordReference.swift in Sources */ = {isa = PBXBuildFile; fileRef = F5FE93861F289B1900BBA860 /* WordReference.swift */; };
		F5FE93891F289B7C00BBA860 /* Dragon.swift in Sources */ = {isa = PBXBuildFile; fileRef = F5FE93881F289B7C00BBA860 /* Dragon.swift */; };
		F5FE938B1F28B5A700BBA860 /* countries_names.txt in Resources */ = {isa = PBXBuildFile; fileRef = F5FE938A1F28B5A700BBA860 /* countries_names.txt */; };
		F5FE938D1F28B67C00BBA860 /* country_codes.csv in Resources */ = {isa = PBXBuildFile; fileRef = F5FE938C1F28B67C00BBA860 /* country_codes.csv */; };
/* End PBXBuildFile section */

/* Begin PBXFileReference section */
		0AB2B5701CAC0DEC50BBAB8B /* Pods_Dragon_Cave_Name_Checker.framework */ = {isa = PBXFileReference; explicitFileType = wrapper.framework; includeInIndex = 0; path = Pods_Dragon_Cave_Name_Checker.framework; sourceTree = BUILT_PRODUCTS_DIR; };
		0DEF9F522C6F93CBA6B17296 /* Pods-Dragon Cave Name Checker.release.xcconfig */ = {isa = PBXFileReference; includeInIndex = 1; lastKnownFileType = text.xcconfig; name = "Pods-Dragon Cave Name Checker.release.xcconfig"; path = "Pods/Target Support Files/Pods-Dragon Cave Name Checker/Pods-Dragon Cave Name Checker.release.xcconfig"; sourceTree = "<group>"; };
		76285BE59155D23ED9864A13 /* Pods-Dragon Cave Name Checker.debug.xcconfig */ = {isa = PBXFileReference; includeInIndex = 1; lastKnownFileType = text.xcconfig; name = "Pods-Dragon Cave Name Checker.debug.xcconfig"; path = "Pods/Target Support Files/Pods-Dragon Cave Name Checker/Pods-Dragon Cave Name Checker.debug.xcconfig"; sourceTree = "<group>"; };
		F52ECAFF1F23CD6A00243F54 /* english_names.txt */ = {isa = PBXFileReference; fileEncoding = 4; lastKnownFileType = text; path = english_names.txt; sourceTree = "<group>"; };
		F5BC8B191F23B10D00E3D73B /* Dragon Cave.app */ = {isa = PBXFileReference; explicitFileType = wrapper.application; includeInIndex = 0; path = "Dragon Cave.app"; sourceTree = BUILT_PRODUCTS_DIR; };
		F5BC8B1C1F23B10D00E3D73B /* AppDelegate.swift */ = {isa = PBXFileReference; lastKnownFileType = sourcecode.swift; path = AppDelegate.swift; sourceTree = "<group>"; };
		F5BC8B1E1F23B10D00E3D73B /* ViewController.swift */ = {isa = PBXFileReference; lastKnownFileType = sourcecode.swift; path = ViewController.swift; sourceTree = "<group>"; };
		F5BC8B211F23B10D00E3D73B /* Base */ = {isa = PBXFileReference; lastKnownFileType = file.storyboard; name = Base; path = Base.lproj/Main.storyboard; sourceTree = "<group>"; };
		F5BC8B231F23B10D00E3D73B /* Assets.xcassets */ = {isa = PBXFileReference; lastKnownFileType = folder.assetcatalog; path = Assets.xcassets; sourceTree = "<group>"; };
		F5BC8B261F23B10D00E3D73B /* Base */ = {isa = PBXFileReference; lastKnownFileType = file.storyboard; name = Base; path = Base.lproj/LaunchScreen.storyboard; sourceTree = "<group>"; };
		F5BC8B281F23B10D00E3D73B /* Info.plist */ = {isa = PBXFileReference; lastKnownFileType = text.plist.xml; path = Info.plist; sourceTree = "<group>"; };
		F5BC8B2E1F23BAC400E3D73B /* Word.swift */ = {isa = PBXFileReference; fileEncoding = 4; lastKnownFileType = sourcecode.swift; path = Word.swift; sourceTree = "<group>"; };
		F5BF4F6A1F28E9A400FD65E7 /* ScrollWordsViewController.swift */ = {isa = PBXFileReference; fileEncoding = 4; lastKnownFileType = sourcecode.swift; path = ScrollWordsViewController.swift; sourceTree = "<group>"; };
		F5D67DEF1F23F9F5008A1724 /* String+Words.swift */ = {isa = PBXFileReference; fileEncoding = 4; lastKnownFileType = sourcecode.swift; path = "String+Words.swift"; sourceTree = "<group>"; };
		F5D67DF51F240A73008A1724 /* lulu_witch_word_coded.html */ = {isa = PBXFileReference; fileEncoding = 4; lastKnownFileType = text.html; path = lulu_witch_word_coded.html; sourceTree = "<group>"; };
		F5DA59C61F23BDFE00D20850 /* scrabble.txt */ = {isa = PBXFileReference; fileEncoding = 4; lastKnownFileType = text; path = scrabble.txt; sourceTree = "<group>"; };
		F5FE93531F24D94000BBA860 /* Config.swift */ = {isa = PBXFileReference; fileEncoding = 4; lastKnownFileType = sourcecode.swift; path = Config.swift; sourceTree = "<group>"; };
		F5FE93551F24EB8C00BBA860 /* CodeCell.swift */ = {isa = PBXFileReference; fileEncoding = 4; lastKnownFileType = sourcecode.swift; path = CodeCell.swift; sourceTree = "<group>"; };
		F5FE93571F24EC1A00BBA860 /* ScrollDragonsViewController.swift */ = {isa = PBXFileReference; fileEncoding = 4; lastKnownFileType = sourcecode.swift; path = ScrollDragonsViewController.swift; sourceTree = "<group>"; };
		F5FE93591F24EC5E00BBA860 /* ScrollParser.swift */ = {isa = PBXFileReference; fileEncoding = 4; lastKnownFileType = sourcecode.swift; path = ScrollParser.swift; sourceTree = "<group>"; };
		F5FE93611F27E46300BBA860 /* DragonWebPageViewController.swift */ = {isa = PBXFileReference; fileEncoding = 4; lastKnownFileType = sourcecode.swift; path = DragonWebPageViewController.swift; sourceTree = "<group>"; };
		F5FE93631F28077F00BBA860 /* WordsViewController.swift */ = {isa = PBXFileReference; fileEncoding = 4; lastKnownFileType = sourcecode.swift; path = WordsViewController.swift; sourceTree = "<group>"; };
		F5FE93671F288AB300BBA860 /* lulu_witch_1.html */ = {isa = PBXFileReference; fileEncoding = 4; lastKnownFileType = text.html; path = lulu_witch_1.html; sourceTree = "<group>"; };
		F5FE93681F288AB300BBA860 /* lulu_witch_2.html */ = {isa = PBXFileReference; fileEncoding = 4; lastKnownFileType = text.html; path = lulu_witch_2.html; sourceTree = "<group>"; };
		F5FE93691F288AB300BBA860 /* lulu_witch_3.html */ = {isa = PBXFileReference; fileEncoding = 4; lastKnownFileType = text.html; path = lulu_witch_3.html; sourceTree = "<group>"; };
		F5FE936A1F288AB300BBA860 /* lulu_witch_4.html */ = {isa = PBXFileReference; fileEncoding = 4; lastKnownFileType = text.html; path = lulu_witch_4.html; sourceTree = "<group>"; };
		F5FE936B1F288AB300BBA860 /* lulu_witch_5.html */ = {isa = PBXFileReference; fileEncoding = 4; lastKnownFileType = text.html; path = lulu_witch_5.html; sourceTree = "<group>"; };
		F5FE936C1F288AB300BBA860 /* lulu_witch_6.html */ = {isa = PBXFileReference; fileEncoding = 4; lastKnownFileType = text.html; path = lulu_witch_6.html; sourceTree = "<group>"; };
		F5FE936D1F288AB300BBA860 /* lulu_witch_7.html */ = {isa = PBXFileReference; fileEncoding = 4; lastKnownFileType = text.html; path = lulu_witch_7.html; sourceTree = "<group>"; };
		F5FE936E1F288AB300BBA860 /* lulu_witch_8.html */ = {isa = PBXFileReference; fileEncoding = 4; lastKnownFileType = text.html; path = lulu_witch_8.html; sourceTree = "<group>"; };
		F5FE936F1F288AB300BBA860 /* lulu_witch_9.html */ = {isa = PBXFileReference; fileEncoding = 4; lastKnownFileType = text.html; path = lulu_witch_9.html; sourceTree = "<group>"; };
		F5FE93701F288AB300BBA860 /* lulu_witch_10.html */ = {isa = PBXFileReference; fileEncoding = 4; lastKnownFileType = text.html; path = lulu_witch_10.html; sourceTree = "<group>"; };
		F5FE93711F288AB300BBA860 /* lulu_witch_11.html */ = {isa = PBXFileReference; fileEncoding = 4; lastKnownFileType = text.html; path = lulu_witch_11.html; sourceTree = "<group>"; };
		F5FE93721F288AB300BBA860 /* lulu_witch_12.html */ = {isa = PBXFileReference; fileEncoding = 4; lastKnownFileType = text.html; path = lulu_witch_12.html; sourceTree = "<group>"; };
		F5FE93731F288AB300BBA860 /* lulu_witch_13.html */ = {isa = PBXFileReference; fileEncoding = 4; lastKnownFileType = text.html; path = lulu_witch_13.html; sourceTree = "<group>"; };
		F5FE93811F288C9300BBA860 /* DragonCodeProcessor.swift */ = {isa = PBXFileReference; fileEncoding = 4; lastKnownFileType = sourcecode.swift; path = DragonCodeProcessor.swift; sourceTree = "<group>"; };
		F5FE93831F289ACE00BBA860 /* Array+Helpers.swift */ = {isa = PBXFileReference; fileEncoding = 4; lastKnownFileType = sourcecode.swift; path = "Array+Helpers.swift"; sourceTree = "<group>"; };
		F5FE93861F289B1900BBA860 /* WordReference.swift */ = {isa = PBXFileReference; fileEncoding = 4; lastKnownFileType = sourcecode.swift; path = WordReference.swift; sourceTree = "<group>"; };
		F5FE93881F289B7C00BBA860 /* Dragon.swift */ = {isa = PBXFileReference; fileEncoding = 4; lastKnownFileType = sourcecode.swift; path = Dragon.swift; sourceTree = "<group>"; };
		F5FE938A1F28B5A700BBA860 /* countries_names.txt */ = {isa = PBXFileReference; fileEncoding = 4; lastKnownFileType = text; path = countries_names.txt; sourceTree = "<group>"; };
		F5FE938C1F28B67C00BBA860 /* country_codes.csv */ = {isa = PBXFileReference; fileEncoding = 4; lastKnownFileType = text; path = country_codes.csv; sourceTree = "<group>"; };
/* End PBXFileReference section */

/* Begin PBXFrameworksBuildPhase section */
		F5BC8B161F23B10D00E3D73B /* Frameworks */ = {
			isa = PBXFrameworksBuildPhase;
			buildActionMask = 2147483647;
			files = (
				3DF169BF9C06D3E0DD30D4E9 /* Pods_Dragon_Cave_Name_Checker.framework in Frameworks */,
			);
			runOnlyForDeploymentPostprocessing = 0;
		};
/* End PBXFrameworksBuildPhase section */

/* Begin PBXGroup section */
		B0B48FC031AE8BC65AD589D4 /* Frameworks */ = {
			isa = PBXGroup;
			children = (
				0AB2B5701CAC0DEC50BBAB8B /* Pods_Dragon_Cave_Name_Checker.framework */,
			);
			name = Frameworks;
			sourceTree = "<group>";
		};
		D0948658052FA3E04B161384 /* Pods */ = {
			isa = PBXGroup;
			children = (
				76285BE59155D23ED9864A13 /* Pods-Dragon Cave Name Checker.debug.xcconfig */,
				0DEF9F522C6F93CBA6B17296 /* Pods-Dragon Cave Name Checker.release.xcconfig */,
			);
			name = Pods;
			sourceTree = "<group>";
		};
		F5BC8B101F23B10D00E3D73B = {
			isa = PBXGroup;
			children = (
				F5BC8B1B1F23B10D00E3D73B /* Dragon Cave Name Checker */,
				F5BC8B1A1F23B10D00E3D73B /* Products */,
				D0948658052FA3E04B161384 /* Pods */,
				B0B48FC031AE8BC65AD589D4 /* Frameworks */,
			);
			sourceTree = "<group>";
		};
		F5BC8B1A1F23B10D00E3D73B /* Products */ = {
			isa = PBXGroup;
			children = (
				F5BC8B191F23B10D00E3D73B /* Dragon Cave.app */,
			);
			name = Products;
			sourceTree = "<group>";
		};
		F5BC8B1B1F23B10D00E3D73B /* Dragon Cave Name Checker */ = {
			isa = PBXGroup;
			children = (
				F5FE93851F289AEF00BBA860 /* Business Logic */,
				F5FE935F1F25332200BBA860 /* Model */,
				F5FE935B1F2532DB00BBA860 /* View Controllers */,
				F5FE935C1F2532E600BBA860 /* Views */,
				F5FE935D1F2532FD00BBA860 /* Storyboards */,
				F5FE93601F25333000BBA860 /* Resources */,
				F5FE935E1F25331100BBA860 /* Other */,
			);
			path = "Dragon Cave Name Checker";
			sourceTree = "<group>";
		};
		F5FE935B1F2532DB00BBA860 /* View Controllers */ = {
			isa = PBXGroup;
			children = (
				F5BC8B1C1F23B10D00E3D73B /* AppDelegate.swift */,
				F5BC8B1E1F23B10D00E3D73B /* ViewController.swift */,
				F5FE93571F24EC1A00BBA860 /* ScrollDragonsViewController.swift */,
				F5BF4F6A1F28E9A400FD65E7 /* ScrollWordsViewController.swift */,
				F5FE93611F27E46300BBA860 /* DragonWebPageViewController.swift */,
				F5FE93631F28077F00BBA860 /* WordsViewController.swift */,
			);
			name = "View Controllers";
			sourceTree = "<group>";
		};
		F5FE935C1F2532E600BBA860 /* Views */ = {
			isa = PBXGroup;
			children = (
				F5FE93551F24EB8C00BBA860 /* CodeCell.swift */,
			);
			name = Views;
			sourceTree = "<group>";
		};
		F5FE935D1F2532FD00BBA860 /* Storyboards */ = {
			isa = PBXGroup;
			children = (
				F5BC8B251F23B10D00E3D73B /* LaunchScreen.storyboard */,
				F5BC8B201F23B10D00E3D73B /* Main.storyboard */,
			);
			name = Storyboards;
			sourceTree = "<group>";
		};
		F5FE935E1F25331100BBA860 /* Other */ = {
			isa = PBXGroup;
			children = (
				F5FE93831F289ACE00BBA860 /* Array+Helpers.swift */,
				F5BC8B281F23B10D00E3D73B /* Info.plist */,
				F5BC8B231F23B10D00E3D73B /* Assets.xcassets */,
				F5FE93531F24D94000BBA860 /* Config.swift */,
			);
			name = Other;
			sourceTree = "<group>";
		};
		F5FE935F1F25332200BBA860 /* Model */ = {
			isa = PBXGroup;
			children = (
				F5D67DEF1F23F9F5008A1724 /* String+Words.swift */,
				F5BC8B2E1F23BAC400E3D73B /* Word.swift */,
				F5FE93881F289B7C00BBA860 /* Dragon.swift */,
			);
			name = Model;
			sourceTree = "<group>";
		};
		F5FE93601F25333000BBA860 /* Resources */ = {
			isa = PBXGroup;
			children = (
				F5FE93651F288A9700BBA860 /* HTML */,
				F5FE93661F288AA000BBA860 /* Reference Words */,
			);
			name = Resources;
			sourceTree = "<group>";
		};
		F5FE93651F288A9700BBA860 /* HTML */ = {
			isa = PBXGroup;
			children = (
				F5FE93671F288AB300BBA860 /* lulu_witch_1.html */,
				F5FE93681F288AB300BBA860 /* lulu_witch_2.html */,
				F5FE93691F288AB300BBA860 /* lulu_witch_3.html */,
				F5FE936A1F288AB300BBA860 /* lulu_witch_4.html */,
				F5FE936B1F288AB300BBA860 /* lulu_witch_5.html */,
				F5FE936C1F288AB300BBA860 /* lulu_witch_6.html */,
				F5FE936D1F288AB300BBA860 /* lulu_witch_7.html */,
				F5FE936E1F288AB300BBA860 /* lulu_witch_8.html */,
				F5FE936F1F288AB300BBA860 /* lulu_witch_9.html */,
				F5FE93701F288AB300BBA860 /* lulu_witch_10.html */,
				F5FE93711F288AB300BBA860 /* lulu_witch_11.html */,
				F5FE93721F288AB300BBA860 /* lulu_witch_12.html */,
				F5FE93731F288AB300BBA860 /* lulu_witch_13.html */,
				F5D67DF51F240A73008A1724 /* lulu_witch_word_coded.html */,
			);
			name = HTML;
			sourceTree = "<group>";
		};
		F5FE93661F288AA000BBA860 /* Reference Words */ = {
			isa = PBXGroup;
			children = (
				F5DA59C61F23BDFE00D20850 /* scrabble.txt */,
				F52ECAFF1F23CD6A00243F54 /* english_names.txt */,
				F5FE938A1F28B5A700BBA860 /* countries_names.txt */,
				F5FE938C1F28B67C00BBA860 /* country_codes.csv */,
			);
			name = "Reference Words";
			sourceTree = "<group>";
		};
		F5FE93851F289AEF00BBA860 /* Business Logic */ = {
			isa = PBXGroup;
			children = (
				F5FE93591F24EC5E00BBA860 /* ScrollParser.swift */,
				F5FE93811F288C9300BBA860 /* DragonCodeProcessor.swift */,
				F5FE93861F289B1900BBA860 /* WordReference.swift */,
			);
			name = "Business Logic";
			sourceTree = "<group>";
		};
/* End PBXGroup section */

/* Begin PBXNativeTarget section */
		F5BC8B181F23B10D00E3D73B /* Dragon Cave Name Checker */ = {
			isa = PBXNativeTarget;
			buildConfigurationList = F5BC8B2B1F23B10D00E3D73B /* Build configuration list for PBXNativeTarget "Dragon Cave Name Checker" */;
			buildPhases = (
				F301551B0A9EDA1DAF57A88B /* [CP] Check Pods Manifest.lock */,
				F5BC8B151F23B10D00E3D73B /* Sources */,
				F5BC8B161F23B10D00E3D73B /* Frameworks */,
				F5BC8B171F23B10D00E3D73B /* Resources */,
				EE732F36C4062A17AC4784F4 /* [CP] Embed Pods Frameworks */,
				5DD77ED1B765A0C198F8BBD6 /* [CP] Copy Pods Resources */,
			);
			buildRules = (
			);
			dependencies = (
			);
			name = "Dragon Cave Name Checker";
			productName = "Dragon Cave Name Checker";
			productReference = F5BC8B191F23B10D00E3D73B /* Dragon Cave.app */;
			productType = "com.apple.product-type.application";
		};
/* End PBXNativeTarget section */

/* Begin PBXProject section */
		F5BC8B111F23B10D00E3D73B /* Project object */ = {
			isa = PBXProject;
			attributes = {
				LastSwiftUpdateCheck = 0830;
				LastUpgradeCheck = 0830;
				ORGANIZATIONNAME = 3Squared;
				TargetAttributes = {
					F5BC8B181F23B10D00E3D73B = {
						CreatedOnToolsVersion = 8.3.3;
						DevelopmentTeam = 5PMKY4NNPB;
						ProvisioningStyle = Automatic;
					};
				};
			};
			buildConfigurationList = F5BC8B141F23B10D00E3D73B /* Build configuration list for PBXProject "Dragon Cave Name Checker" */;
			compatibilityVersion = "Xcode 3.2";
			developmentRegion = English;
			hasScannedForEncodings = 0;
			knownRegions = (
				en,
				Base,
			);
			mainGroup = F5BC8B101F23B10D00E3D73B;
			productRefGroup = F5BC8B1A1F23B10D00E3D73B /* Products */;
			projectDirPath = "";
			projectRoot = "";
			targets = (
				F5BC8B181F23B10D00E3D73B /* Dragon Cave Name Checker */,
			);
		};
/* End PBXProject section */

/* Begin PBXResourcesBuildPhase section */
		F5BC8B171F23B10D00E3D73B /* Resources */ = {
			isa = PBXResourcesBuildPhase;
			buildActionMask = 2147483647;
			files = (
				F5DA59C71F23BDFE00D20850 /* scrabble.txt in Resources */,
				F5FE937C1F288AB300BBA860 /* lulu_witch_9.html in Resources */,
				F5FE937A1F288AB300BBA860 /* lulu_witch_7.html in Resources */,
				F5FE938B1F28B5A700BBA860 /* countries_names.txt in Resources */,
				F5FE938D1F28B67C00BBA860 /* country_codes.csv in Resources */,
				F5FE93791F288AB300BBA860 /* lulu_witch_6.html in Resources */,
				F5FE93771F288AB300BBA860 /* lulu_witch_4.html in Resources */,
				F5FE937D1F288AB300BBA860 /* lulu_witch_10.html in Resources */,
				F52ECB001F23CD6A00243F54 /* english_names.txt in Resources */,
				F5FE93801F288AB300BBA860 /* lulu_witch_13.html in Resources */,
				F5FE937E1F288AB300BBA860 /* lulu_witch_11.html in Resources */,
				F5FE937B1F288AB300BBA860 /* lulu_witch_8.html in Resources */,
				F5FE93781F288AB300BBA860 /* lulu_witch_5.html in Resources */,
				F5BC8B271F23B10D00E3D73B /* LaunchScreen.storyboard in Resources */,
				F5BC8B241F23B10D00E3D73B /* Assets.xcassets in Resources */,
				F5BC8B221F23B10D00E3D73B /* Main.storyboard in Resources */,
				F5FE93751F288AB300BBA860 /* lulu_witch_2.html in Resources */,
				F5FE93741F288AB300BBA860 /* lulu_witch_1.html in Resources */,
				F5FE93761F288AB300BBA860 /* lulu_witch_3.html in Resources */,
				F5D67DF61F240A73008A1724 /* lulu_witch_word_coded.html in Resources */,
				F5FE937F1F288AB300BBA860 /* lulu_witch_12.html in Resources */,
			);
			runOnlyForDeploymentPostprocessing = 0;
		};
/* End PBXResourcesBuildPhase section */

/* Begin PBXShellScriptBuildPhase section */
		5DD77ED1B765A0C198F8BBD6 /* [CP] Copy Pods Resources */ = {
			isa = PBXShellScriptBuildPhase;
			buildActionMask = 2147483647;
			files = (
			);
			inputPaths = (
			);
			name = "[CP] Copy Pods Resources";
			outputPaths = (
			);
			runOnlyForDeploymentPostprocessing = 0;
			shellPath = /bin/sh;
			shellScript = "\"${SRCROOT}/Pods/Target Support Files/Pods-Dragon Cave Name Checker/Pods-Dragon Cave Name Checker-resources.sh\"\n";
			showEnvVarsInLog = 0;
		};
		EE732F36C4062A17AC4784F4 /* [CP] Embed Pods Frameworks */ = {
			isa = PBXShellScriptBuildPhase;
			buildActionMask = 2147483647;
			files = (
			);
			inputPaths = (
			);
			name = "[CP] Embed Pods Frameworks";
			outputPaths = (
			);
			runOnlyForDeploymentPostprocessing = 0;
			shellPath = /bin/sh;
			shellScript = "\"${SRCROOT}/Pods/Target Support Files/Pods-Dragon Cave Name Checker/Pods-Dragon Cave Name Checker-frameworks.sh\"\n";
			showEnvVarsInLog = 0;
		};
		F301551B0A9EDA1DAF57A88B /* [CP] Check Pods Manifest.lock */ = {
			isa = PBXShellScriptBuildPhase;
			buildActionMask = 2147483647;
			files = (
			);
			inputPaths = (
			);
			name = "[CP] Check Pods Manifest.lock";
			outputPaths = (
			);
			runOnlyForDeploymentPostprocessing = 0;
			shellPath = /bin/sh;
			shellScript = "diff \"${PODS_PODFILE_DIR_PATH}/Podfile.lock\" \"${PODS_ROOT}/Manifest.lock\" > /dev/null\nif [ $? != 0 ] ; then\n    # print error to STDERR\n    echo \"error: The sandbox is not in sync with the Podfile.lock. Run 'pod install' or update your CocoaPods installation.\" >&2\n    exit 1\nfi\n";
			showEnvVarsInLog = 0;
		};
/* End PBXShellScriptBuildPhase section */

/* Begin PBXSourcesBuildPhase section */
		F5BC8B151F23B10D00E3D73B /* Sources */ = {
			isa = PBXSourcesBuildPhase;
			buildActionMask = 2147483647;
			files = (
				F5BC8B1F1F23B10D00E3D73B /* ViewController.swift in Sources */,
				F5BC8B1D1F23B10D00E3D73B /* AppDelegate.swift in Sources */,
				F5FE93641F28077F00BBA860 /* WordsViewController.swift in Sources */,
				F5BF4F6B1F28E9A400FD65E7 /* ScrollWordsViewController.swift in Sources */,
				F5FE93541F24D94000BBA860 /* Config.swift in Sources */,
				F5FE93581F24EC1A00BBA860 /* ScrollDragonsViewController.swift in Sources */,
				F5FE93821F288C9300BBA860 /* DragonCodeProcessor.swift in Sources */,
				F5D67DF01F23F9F5008A1724 /* String+Words.swift in Sources */,
				F5FE93841F289ACE00BBA860 /* Array+Helpers.swift in Sources */,
				F5FE93891F289B7C00BBA860 /* Dragon.swift in Sources */,
				F5FE93561F24EB8D00BBA860 /* CodeCell.swift in Sources */,
				F5FE93621F27E46300BBA860 /* DragonWebPageViewController.swift in Sources */,
				F5FE935A1F24EC5E00BBA860 /* ScrollParser.swift in Sources */,
				F5BC8B2F1F23BAC400E3D73B /* Word.swift in Sources */,
				F5FE93871F289B1900BBA860 /* WordReference.swift in Sources */,
			);
			runOnlyForDeploymentPostprocessing = 0;
		};
/* End PBXSourcesBuildPhase section */

/* Begin PBXVariantGroup section */
		F5BC8B201F23B10D00E3D73B /* Main.storyboard */ = {
			isa = PBXVariantGroup;
			children = (
				F5BC8B211F23B10D00E3D73B /* Base */,
			);
			name = Main.storyboard;
			sourceTree = "<group>";
		};
		F5BC8B251F23B10D00E3D73B /* LaunchScreen.storyboard */ = {
			isa = PBXVariantGroup;
			children = (
				F5BC8B261F23B10D00E3D73B /* Base */,
			);
			name = LaunchScreen.storyboard;
			sourceTree = "<group>";
		};
/* End PBXVariantGroup section */

/* Begin XCBuildConfiguration section */
		F5BC8B291F23B10D00E3D73B /* Debug */ = {
			isa = XCBuildConfiguration;
			buildSettings = {
				ALWAYS_SEARCH_USER_PATHS = NO;
				CLANG_ANALYZER_NONNULL = YES;
				CLANG_ANALYZER_NUMBER_OBJECT_CONVERSION = YES_AGGRESSIVE;
				CLANG_CXX_LANGUAGE_STANDARD = "gnu++0x";
				CLANG_CXX_LIBRARY = "libc++";
				CLANG_ENABLE_MODULES = YES;
				CLANG_ENABLE_OBJC_ARC = YES;
				CLANG_WARN_BOOL_CONVERSION = YES;
				CLANG_WARN_CONSTANT_CONVERSION = YES;
				CLANG_WARN_DIRECT_OBJC_ISA_USAGE = YES_ERROR;
				CLANG_WARN_DOCUMENTATION_COMMENTS = YES;
				CLANG_WARN_EMPTY_BODY = YES;
				CLANG_WARN_ENUM_CONVERSION = YES;
				CLANG_WARN_INFINITE_RECURSION = YES;
				CLANG_WARN_INT_CONVERSION = YES;
				CLANG_WARN_OBJC_ROOT_CLASS = YES_ERROR;
				CLANG_WARN_SUSPICIOUS_MOVE = YES;
				CLANG_WARN_UNREACHABLE_CODE = YES;
				CLANG_WARN__DUPLICATE_METHOD_MATCH = YES;
				"CODE_SIGN_IDENTITY[sdk=iphoneos*]" = "iPhone Developer";
				COPY_PHASE_STRIP = NO;
				DEBUG_INFORMATION_FORMAT = dwarf;
				ENABLE_STRICT_OBJC_MSGSEND = YES;
				ENABLE_TESTABILITY = YES;
				GCC_C_LANGUAGE_STANDARD = gnu99;
				GCC_DYNAMIC_NO_PIC = NO;
				GCC_NO_COMMON_BLOCKS = YES;
				GCC_OPTIMIZATION_LEVEL = 0;
				GCC_PREPROCESSOR_DEFINITIONS = (
					"DEBUG=1",
					"$(inherited)",
				);
				GCC_WARN_64_TO_32_BIT_CONVERSION = YES;
				GCC_WARN_ABOUT_RETURN_TYPE = YES_ERROR;
				GCC_WARN_UNDECLARED_SELECTOR = YES;
				GCC_WARN_UNINITIALIZED_AUTOS = YES_AGGRESSIVE;
				GCC_WARN_UNUSED_FUNCTION = YES;
				GCC_WARN_UNUSED_VARIABLE = YES;
				IPHONEOS_DEPLOYMENT_TARGET = 10.3;
				MTL_ENABLE_DEBUG_INFO = YES;
				ONLY_ACTIVE_ARCH = YES;
				SDKROOT = iphoneos;
				SWIFT_ACTIVE_COMPILATION_CONDITIONS = DEBUG;
				SWIFT_OPTIMIZATION_LEVEL = "-Onone";
				TARGETED_DEVICE_FAMILY = "1,2";
			};
			name = Debug;
		};
		F5BC8B2A1F23B10D00E3D73B /* Release */ = {
			isa = XCBuildConfiguration;
			buildSettings = {
				ALWAYS_SEARCH_USER_PATHS = NO;
				CLANG_ANALYZER_NONNULL = YES;
				CLANG_ANALYZER_NUMBER_OBJECT_CONVERSION = YES_AGGRESSIVE;
				CLANG_CXX_LANGUAGE_STANDARD = "gnu++0x";
				CLANG_CXX_LIBRARY = "libc++";
				CLANG_ENABLE_MODULES = YES;
				CLANG_ENABLE_OBJC_ARC = YES;
				CLANG_WARN_BOOL_CONVERSION = YES;
				CLANG_WARN_CONSTANT_CONVERSION = YES;
				CLANG_WARN_DIRECT_OBJC_ISA_USAGE = YES_ERROR;
				CLANG_WARN_DOCUMENTATION_COMMENTS = YES;
				CLANG_WARN_EMPTY_BODY = YES;
				CLANG_WARN_ENUM_CONVERSION = YES;
				CLANG_WARN_INFINITE_RECURSION = YES;
				CLANG_WARN_INT_CONVERSION = YES;
				CLANG_WARN_OBJC_ROOT_CLASS = YES_ERROR;
				CLANG_WARN_SUSPICIOUS_MOVE = YES;
				CLANG_WARN_UNREACHABLE_CODE = YES;
				CLANG_WARN__DUPLICATE_METHOD_MATCH = YES;
				"CODE_SIGN_IDENTITY[sdk=iphoneos*]" = "iPhone Developer";
				COPY_PHASE_STRIP = NO;
				DEBUG_INFORMATION_FORMAT = "dwarf-with-dsym";
				ENABLE_NS_ASSERTIONS = NO;
				ENABLE_STRICT_OBJC_MSGSEND = YES;
				GCC_C_LANGUAGE_STANDARD = gnu99;
				GCC_NO_COMMON_BLOCKS = YES;
				GCC_WARN_64_TO_32_BIT_CONVERSION = YES;
				GCC_WARN_ABOUT_RETURN_TYPE = YES_ERROR;
				GCC_WARN_UNDECLARED_SELECTOR = YES;
				GCC_WARN_UNINITIALIZED_AUTOS = YES_AGGRESSIVE;
				GCC_WARN_UNUSED_FUNCTION = YES;
				GCC_WARN_UNUSED_VARIABLE = YES;
				IPHONEOS_DEPLOYMENT_TARGET = 10.3;
				MTL_ENABLE_DEBUG_INFO = NO;
				SDKROOT = iphoneos;
				SWIFT_OPTIMIZATION_LEVEL = "-Owholemodule";
				TARGETED_DEVICE_FAMILY = "1,2";
				VALIDATE_PRODUCT = YES;
			};
			name = Release;
		};
		F5BC8B2C1F23B10D00E3D73B /* Debug */ = {
			isa = XCBuildConfiguration;
			baseConfigurationReference = 76285BE59155D23ED9864A13 /* Pods-Dragon Cave Name Checker.debug.xcconfig */;
			buildSettings = {
				ASSETCATALOG_COMPILER_APPICON_NAME = AppIcon;
				DEVELOPMENT_TEAM = 5PMKY4NNPB;
				INFOPLIST_FILE = "Dragon Cave Name Checker/Info.plist";
				LD_RUNPATH_SEARCH_PATHS = "$(inherited) @executable_path/Frameworks";
				PRODUCT_BUNDLE_IDENTIFIER = "me.lukestringer.Dragon-Cave-Name-Checker";
				PRODUCT_NAME = "Dragon Cave";
				SWIFT_VERSION = 3.0;
			};
			name = Debug;
		};
		F5BC8B2D1F23B10D00E3D73B /* Release */ = {
			isa = XCBuildConfiguration;
			baseConfigurationReference = 0DEF9F522C6F93CBA6B17296 /* Pods-Dragon Cave Name Checker.release.xcconfig */;
			buildSettings = {
				ASSETCATALOG_COMPILER_APPICON_NAME = AppIcon;
				DEVELOPMENT_TEAM = 5PMKY4NNPB;
				INFOPLIST_FILE = "Dragon Cave Name Checker/Info.plist";
				LD_RUNPATH_SEARCH_PATHS = "$(inherited) @executable_path/Frameworks";
				PRODUCT_BUNDLE_IDENTIFIER = "me.lukestringer.Dragon-Cave-Name-Checker";
				PRODUCT_NAME = "Dragon Cave";
				SWIFT_VERSION = 3.0;
			};
			name = Release;
		};
/* End XCBuildConfiguration section */

/* Begin XCConfigurationList section */
		F5BC8B141F23B10D00E3D73B /* Build configuration list for PBXProject "Dragon Cave Name Checker" */ = {
			isa = XCConfigurationList;
			buildConfigurations = (
				F5BC8B291F23B10D00E3D73B /* Debug */,
				F5BC8B2A1F23B10D00E3D73B /* Release */,
			);
			defaultConfigurationIsVisible = 0;
			defaultConfigurationName = Release;
		};
		F5BC8B2B1F23B10D00E3D73B /* Build configuration list for PBXNativeTarget "Dragon Cave Name Checker" */ = {
			isa = XCConfigurationList;
			buildConfigurations = (
				F5BC8B2C1F23B10D00E3D73B /* Debug */,
				F5BC8B2D1F23B10D00E3D73B /* Release */,
			);
			defaultConfigurationIsVisible = 0;
			defaultConfigurationName = Release;
		};
/* End XCConfigurationList section */
	};
	rootObject = F5BC8B111F23B10D00E3D73B /* Project object */;
}
